
Microsoft Visual Studio Solution File, Format Version 12.00
# Visual Studio Version 18
VisualStudioVersion = 18.10.12113.136 insiders
MinimumVisualStudioVersion = 10.0.40219.1
Project("{FAE04EC0-301F-11D3-BF4B-00C04F79EFBC}") = "KeelBase.Edge", "KeelBase.Edge.csproj", "{BFACAE7F-BD92-A3CE-E1A5-7D6A859B2461}"
EndProject
Global
	GlobalSection(SolutionConfigurationPlatforms) = preSolution
		Debug|Any CPU = Debug|Any CPU
		Release|Any CPU = Release|Any CPU
	EndGlobalSection
	GlobalSection(ProjectConfigurationPlatforms) = postSolution
		{BFACAE7F-BD92-A3CE-E1A5-7D6A859B2461}.Debug|Any CPU.ActiveCfg = Debug|Any CPU
		{BFACAE7F-BD92-A3CE-E1A5-7D6A859B2461}.Debug|Any CPU.Build.0 = Debug|Any CPU
		{BFACAE7F-BD92-A3CE-E1A5-7D6A859B2461}.Release|Any CPU.ActiveCfg = Release|Any CPU
		{BFACAE7F-BD92-A3CE-E1A5-7D6A859B2461}.Release|Any CPU.Build.0 = Release|Any CPU
	EndGlobalSection
	GlobalSection(SolutionProperties) = preSolution
		HideSolutionNode = FALSE
	EndGlobalSection
	GlobalSection(ExtensibilityGlobals) = postSolution
		SolutionGuid = {051687D2-B973-4EE4-B6D1-A70270D7AB38}
	EndGlobalSection
EndGlobal
